
Microsoft Visual Studio Solution File, Format Version 12.00
# Visual Studio Version 17
VisualStudioVersion = 17.6.33723.286
MinimumVisualStudioVersion = 10.0.40219.1
Project("{FAE04EC0-301F-11D3-BF4B-00C04F79EFBC}") = "AV.FillMaster.Engine", "AV.FillMaster.Engine\AV.FillMaster.Engine.csproj", "{2555E997-7643-4AAF-85D8-82963D2CB153}"
EndProject
Project("{FAE04EC0-301F-11D3-BF4B-00C04F79EFBC}") = "AV.FillMaster.Engine.Tests", "AV.FillMaster.Engine.Tests\AV.FillMaster.Engine.Tests.csproj", "{3A02A7D9-73AB-4354-908D-60F5EBA47A00}"
EndProject
Project("{FAE04EC0-301F-11D3-BF4B-00C04F79EFBC}") = "AV.FillMaster.Application", "AV.FillMaster.Application\AV.FillMaster.Application.csproj", "{4993365A-3892-43A6-9AF9-D63659A18247}"
EndProject
Global
	GlobalSection(SolutionConfigurationPlatforms) = preSolution
		Debug|Any CPU = Debug|Any CPU
		Release|Any CPU = Release|Any CPU
	EndGlobalSection
	GlobalSection(ProjectConfigurationPlatforms) = postSolution
		{2555E997-7643-4AAF-85D8-82963D2CB153}.Debug|Any CPU.ActiveCfg = Debug|Any CPU
		{2555E997-7643-4AAF-85D8-82963D2CB153}.Debug|Any CPU.Build.0 = Debug|Any CPU
		{2555E997-7643-4AAF-85D8-82963D2CB153}.Release|Any CPU.ActiveCfg = Release|Any CPU
		{2555E997-7643-4AAF-85D8-82963D2CB153}.Release|Any CPU.Build.0 = Release|Any CPU
		{3A02A7D9-73AB-4354-908D-60F5EBA47A00}.Debug|Any CPU.ActiveCfg = Debug|Any CPU
		{3A02A7D9-73AB-4354-908D-60F5EBA47A00}.Debug|Any CPU.Build.0 = Debug|Any CPU
		{3A02A7D9-73AB-4354-908D-60F5EBA47A00}.Release|Any CPU.ActiveCfg = Release|Any CPU
		{3A02A7D9-73AB-4354-908D-60F5EBA47A00}.Release|Any CPU.Build.0 = Release|Any CPU
		{4993365A-3892-43A6-9AF9-D63659A18247}.Debug|Any CPU.ActiveCfg = Debug|Any CPU
		{4993365A-3892-43A6-9AF9-D63659A18247}.Debug|Any CPU.Build.0 = Debug|Any CPU
		{4993365A-3892-43A6-9AF9-D63659A18247}.Release|Any CPU.ActiveCfg = Release|Any CPU
		{4993365A-3892-43A6-9AF9-D63659A18247}.Release|Any CPU.Build.0 = Release|Any CPU
	EndGlobalSection
	GlobalSection(SolutionProperties) = preSolution
		HideSolutionNode = FALSE
	EndGlobalSection
	GlobalSection(ExtensibilityGlobals) = postSolution
		SolutionGuid = {7AD2D405-5816-47B7-BD62-70EABC7520EE}
	EndGlobalSection
EndGlobal
